// !$*UTF8*$!
{
	archiveVersion = 1;
	classes = {
	};
	objectVersion = 46;
	objects = {

/* Begin PBXBuildFile section */
		6635AA6B1995708F00C1D293 /* Main.storyboard in Resources */ = {isa = PBXBuildFile; fileRef = 6635AA691995708F00C1D293 /* Main.storyboard */; };
		6669173219956D02001098F5 /* AppDelegate.m in Sources */ = {isa = PBXBuildFile; fileRef = 6669172C19956D02001098F5 /* AppDelegate.m */; };
		6669173319956D02001098F5 /* GrayView.m in Sources */ = {isa = PBXBuildFile; fileRef = 6669172E19956D02001098F5 /* GrayView.m */; };
		6669173419956D02001098F5 /* Images.xcassets in Resources */ = {isa = PBXBuildFile; fileRef = 6669172F19956D02001098F5 /* Images.xcassets */; };
		6669173519956D02001098F5 /* ViewController.m in Sources */ = {isa = PBXBuildFile; fileRef = 6669173119956D02001098F5 /* ViewController.m */; };
		6669173919956D1A001098F5 /* main.m in Sources */ = {isa = PBXBuildFile; fileRef = 6669173619956D1A001098F5 /* main.m */; };
		6669173A19956D1A001098F5 /* TinderCardMechanics-Info.plist in Resources */ = {isa = PBXBuildFile; fileRef = 6669173719956D1A001098F5 /* TinderCardMechanics-Info.plist */; };
		6669173F19956DA1001098F5 /* InfoPlist.strings in Resources */ = {isa = PBXBuildFile; fileRef = 6669173D19956DA1001098F5 /* InfoPlist.strings */; };
		66A3307B19940687004F4FC8 /* Foundation.framework in Frameworks */ = {isa = PBXBuildFile; fileRef = 66A3307A19940687004F4FC8 /* Foundation.framework */; };
		66A3307D19940687004F4FC8 /* CoreGraphics.framework in Frameworks */ = {isa = PBXBuildFile; fileRef = 66A3307C19940687004F4FC8 /* CoreGraphics.framework */; };
		66A3307F19940687004F4FC8 /* UIKit.framework in Frameworks */ = {isa = PBXBuildFile; fileRef = 66A3307E19940687004F4FC8 /* UIKit.framework */; };
		66A3309A19940687004F4FC8 /* XCTest.framework in Frameworks */ = {isa = PBXBuildFile; fileRef = 66A3309919940687004F4FC8 /* XCTest.framework */; };
		66A3309B19940687004F4FC8 /* Foundation.framework in Frameworks */ = {isa = PBXBuildFile; fileRef = 66A3307A19940687004F4FC8 /* Foundation.framework */; };
		66A3309C19940687004F4FC8 /* UIKit.framework in Frameworks */ = {isa = PBXBuildFile; fileRef = 66A3307E19940687004F4FC8 /* UIKit.framework */; };
/* End PBXBuildFile section */

/* Begin PBXContainerItemProxy section */
		66A3309D19940687004F4FC8 /* PBXContainerItemProxy */ = {
			isa = PBXContainerItemProxy;
			containerPortal = 66A3306F19940687004F4FC8 /* Project object */;
			proxyType = 1;
			remoteGlobalIDString = 66A3307619940687004F4FC8;
			remoteInfo = ReverbCodeChallenge;
		};
/* End PBXContainerItemProxy section */

/* Begin PBXFileReference section */
		6635AA6A1995708F00C1D293 /* Base */ = {isa = PBXFileReference; lastKnownFileType = file.storyboard; name = Base; path = TinderCardMechanics/Base.lproj/Main.storyboard; sourceTree = SOURCE_ROOT; };
		6669172B19956D02001098F5 /* AppDelegate.h */ = {isa = PBXFileReference; fileEncoding = 4; lastKnownFileType = sourcecode.c.h; name = AppDelegate.h; path = TinderCardMechanics/AppDelegate.h; sourceTree = SOURCE_ROOT; };
		6669172C19956D02001098F5 /* AppDelegate.m */ = {isa = PBXFileReference; fileEncoding = 4; lastKnownFileType = sourcecode.c.objc; name = AppDelegate.m; path = TinderCardMechanics/AppDelegate.m; sourceTree = SOURCE_ROOT; };
		6669172D19956D02001098F5 /* GrayView.h */ = {isa = PBXFileReference; fileEncoding = 4; lastKnownFileType = sourcecode.c.h; name = GrayView.h; path = TinderCardMechanics/GrayView.h; sourceTree = SOURCE_ROOT; };
		6669172E19956D02001098F5 /* GrayView.m */ = {isa = PBXFileReference; fileEncoding = 4; lastKnownFileType = sourcecode.c.objc; name = GrayView.m; path = TinderCardMechanics/GrayView.m; sourceTree = SOURCE_ROOT; };
		6669172F19956D02001098F5 /* Images.xcassets */ = {isa = PBXFileReference; lastKnownFileType = folder.assetcatalog; name = Images.xcassets; path = TinderCardMechanics/Images.xcassets; sourceTree = SOURCE_ROOT; };
		6669173019956D02001098F5 /* ViewController.h */ = {isa = PBXFileReference; fileEncoding = 4; lastKnownFileType = sourcecode.c.h; name = ViewController.h; path = TinderCardMechanics/ViewController.h; sourceTree = SOURCE_ROOT; };
		6669173119956D02001098F5 /* ViewController.m */ = {isa = PBXFileReference; fileEncoding = 4; lastKnownFileType = sourcecode.c.objc; name = ViewController.m; path = TinderCardMechanics/ViewController.m; sourceTree = SOURCE_ROOT; };
		6669173619956D1A001098F5 /* main.m */ = {isa = PBXFileReference; fileEncoding = 4; lastKnownFileType = sourcecode.c.objc; name = main.m; path = TinderCardMechanics/main.m; sourceTree = SOURCE_ROOT; };
		6669173719956D1A001098F5 /* TinderCardMechanics-Info.plist */ = {isa = PBXFileReference; fileEncoding = 4; lastKnownFileType = text.plist.xml; name = "TinderCardMechanics-Info.plist"; path = "TinderCardMechanics/TinderCardMechanics-Info.plist"; sourceTree = SOURCE_ROOT; };
		6669173819956D1A001098F5 /* TinderCardMechanics-Prefix.pch */ = {isa = PBXFileReference; fileEncoding = 4; lastKnownFileType = sourcecode.c.h; name = "TinderCardMechanics-Prefix.pch"; path = "TinderCardMechanics/TinderCardMechanics-Prefix.pch"; sourceTree = SOURCE_ROOT; };
		6669173E19956DA1001098F5 /* en */ = {isa = PBXFileReference; lastKnownFileType = text.plist.strings; name = en; path = TinderCardMechanics/en.lproj/InfoPlist.strings; sourceTree = SOURCE_ROOT; };
		66A3307719940687004F4FC8 /* TinderCardMechanics.app */ = {isa = PBXFileReference; explicitFileType = wrapper.application; includeInIndex = 0; path = TinderCardMechanics.app; sourceTree = BUILT_PRODUCTS_DIR; };
		66A3307A19940687004F4FC8 /* Foundation.framework */ = {isa = PBXFileReference; lastKnownFileType = wrapper.framework; name = Foundation.framework; path = System/Library/Frameworks/Foundation.framework; sourceTree = SDKROOT; };
		66A3307C19940687004F4FC8 /* CoreGraphics.framework */ = {isa = PBXFileReference; lastKnownFileType = wrapper.framework; name = CoreGraphics.framework; path = System/Library/Frameworks/CoreGraphics.framework; sourceTree = SDKROOT; };
		66A3307E19940687004F4FC8 /* UIKit.framework */ = {isa = PBXFileReference; lastKnownFileType = wrapper.framework; name = UIKit.framework; path = System/Library/Frameworks/UIKit.framework; sourceTree = SDKROOT; };
		66A3309819940687004F4FC8 /* TinderCardMechanicsTests.xctest */ = {isa = PBXFileReference; explicitFileType = wrapper.cfbundle; includeInIndex = 0; path = TinderCardMechanicsTests.xctest; sourceTree = BUILT_PRODUCTS_DIR; };
		66A3309919940687004F4FC8 /* XCTest.framework */ = {isa = PBXFileReference; lastKnownFileType = wrapper.framework; name = XCTest.framework; path = Library/Frameworks/XCTest.framework; sourceTree = DEVELOPER_DIR; };
/* End PBXFileReference section */

/* Begin PBXFrameworksBuildPhase section */
		66A3307419940687004F4FC8 /* Frameworks */ = {
			isa = PBXFrameworksBuildPhase;
			buildActionMask = 2147483647;
			files = (
				66A3307D19940687004F4FC8 /* CoreGraphics.framework in Frameworks */,
				66A3307F19940687004F4FC8 /* UIKit.framework in Frameworks */,
				66A3307B19940687004F4FC8 /* Foundation.framework in Frameworks */,
			);
			runOnlyForDeploymentPostprocessing = 0;
		};
		66A3309519940687004F4FC8 /* Frameworks */ = {
			isa = PBXFrameworksBuildPhase;
			buildActionMask = 2147483647;
			files = (
				66A3309A19940687004F4FC8 /* XCTest.framework in Frameworks */,
				66A3309C19940687004F4FC8 /* UIKit.framework in Frameworks */,
				66A3309B19940687004F4FC8 /* Foundation.framework in Frameworks */,
			);
			runOnlyForDeploymentPostprocessing = 0;
		};
/* End PBXFrameworksBuildPhase section */

/* Begin PBXGroup section */
		66A3306E19940687004F4FC8 = {
			isa = PBXGroup;
			children = (
				66A3308019940687004F4FC8 /* TinderCardMechanics */,
				66A3309F19940687004F4FC8 /* TinderCardMechanicsTests */,
				66A3307919940687004F4FC8 /* Frameworks */,
				66A3307819940687004F4FC8 /* Products */,
			);
			sourceTree = "<group>";
		};
		66A3307819940687004F4FC8 /* Products */ = {
			isa = PBXGroup;
			children = (
				66A3307719940687004F4FC8 /* TinderCardMechanics.app */,
				66A3309819940687004F4FC8 /* TinderCardMechanicsTests.xctest */,
			);
			name = Products;
			sourceTree = "<group>";
		};
		66A3307919940687004F4FC8 /* Frameworks */ = {
			isa = PBXGroup;
			children = (
				66A3307A19940687004F4FC8 /* Foundation.framework */,
				66A3307C19940687004F4FC8 /* CoreGraphics.framework */,
				66A3307E19940687004F4FC8 /* UIKit.framework */,
				66A3309919940687004F4FC8 /* XCTest.framework */,
			);
			name = Frameworks;
			sourceTree = "<group>";
		};
		66A3308019940687004F4FC8 /* TinderCardMechanics */ = {
			isa = PBXGroup;
			children = (
				6669172B19956D02001098F5 /* AppDelegate.h */,
				6669172C19956D02001098F5 /* AppDelegate.m */,
				6669172D19956D02001098F5 /* GrayView.h */,
				6669172E19956D02001098F5 /* GrayView.m */,
				6669172F19956D02001098F5 /* Images.xcassets */,
				6669173019956D02001098F5 /* ViewController.h */,
				6669173119956D02001098F5 /* ViewController.m */,
				6669173D19956DA1001098F5 /* InfoPlist.strings */,
				6635AA691995708F00C1D293 /* Main.storyboard */,
				66A3308119940687004F4FC8 /* Supporting Files */,
			);
			name = TinderCardMechanics;
			path = ReverbCodeChallenge;
			sourceTree = "<group>";
		};
		66A3308119940687004F4FC8 /* Supporting Files */ = {
			isa = PBXGroup;
			children = (
				6669173619956D1A001098F5 /* main.m */,
				6669173719956D1A001098F5 /* TinderCardMechanics-Info.plist */,
				6669173819956D1A001098F5 /* TinderCardMechanics-Prefix.pch */,
			);
			name = "Supporting Files";
			sourceTree = "<group>";
		};
		66A3309F19940687004F4FC8 /* TinderCardMechanicsTests */ = {
			isa = PBXGroup;
			children = (
				66A330A019940687004F4FC8 /* Supporting Files */,
			);
			name = TinderCardMechanicsTests;
			path = ReverbCodeChallengeTests;
			sourceTree = "<group>";
		};
		66A330A019940687004F4FC8 /* Supporting Files */ = {
			isa = PBXGroup;
			children = (
			);
			name = "Supporting Files";
			sourceTree = "<group>";
		};
/* End PBXGroup section */

/* Begin PBXNativeTarget section */
		66A3307619940687004F4FC8 /* TinderCardMechanics */ = {
			isa = PBXNativeTarget;
			buildConfigurationList = 66A330A919940687004F4FC8 /* Build configuration list for PBXNativeTarget "TinderCardMechanics" */;
			buildPhases = (
				66A3307319940687004F4FC8 /* Sources */,
				66A3307419940687004F4FC8 /* Frameworks */,
				66A3307519940687004F4FC8 /* Resources */,
			);
			buildRules = (
			);
			dependencies = (
			);
			name = TinderCardMechanics;
			productName = ReverbCodeChallenge;
			productReference = 66A3307719940687004F4FC8 /* TinderCardMechanics.app */;
			productType = "com.apple.product-type.application";
		};
		66A3309719940687004F4FC8 /* TinderCardMechanicsTests */ = {
			isa = PBXNativeTarget;
			buildConfigurationList = 66A330AC19940687004F4FC8 /* Build configuration list for PBXNativeTarget "TinderCardMechanicsTests" */;
			buildPhases = (
				66A3309419940687004F4FC8 /* Sources */,
				66A3309519940687004F4FC8 /* Frameworks */,
				66A3309619940687004F4FC8 /* Resources */,
			);
			buildRules = (
			);
			dependencies = (
				66A3309E19940687004F4FC8 /* PBXTargetDependency */,
			);
			name = TinderCardMechanicsTests;
			productName = ReverbCodeChallengeTests;
			productReference = 66A3309819940687004F4FC8 /* TinderCardMechanicsTests.xctest */;
			productType = "com.apple.product-type.bundle.unit-test";
		};
/* End PBXNativeTarget section */

/* Begin PBXProject section */
		66A3306F19940687004F4FC8 /* Project object */ = {
			isa = PBXProject;
			attributes = {
				LastUpgradeCheck = 0510;
				ORGANIZATIONNAME = "";
				TargetAttributes = {
					66A3309719940687004F4FC8 = {
						TestTargetID = 66A3307619940687004F4FC8;
					};
				};
			};
			buildConfigurationList = 66A3307219940687004F4FC8 /* Build configuration list for PBXProject "TinderCardMechanics" */;
			compatibilityVersion = "Xcode 3.2";
			developmentRegion = English;
			hasScannedForEncodings = 0;
			knownRegions = (
				en,
				Base,
			);
			mainGroup = 66A3306E19940687004F4FC8;
			productRefGroup = 66A3307819940687004F4FC8 /* Products */;
			projectDirPath = "";
			projectRoot = "";
			targets = (
				66A3307619940687004F4FC8 /* TinderCardMechanics */,
				66A3309719940687004F4FC8 /* TinderCardMechanicsTests */,
			);
		};
/* End PBXProject section */

/* Begin PBXResourcesBuildPhase section */
		66A3307519940687004F4FC8 /* Resources */ = {
			isa = PBXResourcesBuildPhase;
			buildActionMask = 2147483647;
			files = (
				6669173A19956D1A001098F5 /* TinderCardMechanics-Info.plist in Resources */,
				6669173F19956DA1001098F5 /* InfoPlist.strings in Resources */,
				6669173419956D02001098F5 /* Images.xcassets in Resources */,
				6635AA6B1995708F00C1D293 /* Main.storyboard in Resources */,
			);
			runOnlyForDeploymentPostprocessing = 0;
		};
		66A3309619940687004F4FC8 /* Resources */ = {
			isa = PBXResourcesBuildPhase;
			buildActionMask = 2147483647;
			files = (
			);
			runOnlyForDeploymentPostprocessing = 0;
		};
/* End PBXResourcesBuildPhase section */

/* Begin PBXSourcesBuildPhase section */
		66A3307319940687004F4FC8 /* Sources */ = {
			isa = PBXSourcesBuildPhase;
			buildActionMask = 2147483647;
			files = (
				6669173919956D1A001098F5 /* main.m in Sources */,
				6669173519956D02001098F5 /* ViewController.m in Sources */,
				6669173219956D02001098F5 /* AppDelegate.m in Sources */,
				6669173319956D02001098F5 /* GrayView.m in Sources */,
			);
			runOnlyForDeploymentPostprocessing = 0;
		};
		66A3309419940687004F4FC8 /* Sources */ = {
			isa = PBXSourcesBuildPhase;
			buildActionMask = 2147483647;
			files = (
			);
			runOnlyForDeploymentPostprocessing = 0;
		};
/* End PBXSourcesBuildPhase section */

/* Begin PBXTargetDependency section */
		66A3309E19940687004F4FC8 /* PBXTargetDependency */ = {
			isa = PBXTargetDependency;
			target = 66A3307619940687004F4FC8 /* TinderCardMechanics */;
			targetProxy = 66A3309D19940687004F4FC8 /* PBXContainerItemProxy */;
		};
/* End PBXTargetDependency section */

/* Begin PBXVariantGroup section */
		6635AA691995708F00C1D293 /* Main.storyboard */ = {
			isa = PBXVariantGroup;
			children = (
				6635AA6A1995708F00C1D293 /* Base */,
			);
			name = Main.storyboard;
			sourceTree = "<group>";
		};
		6669173D19956DA1001098F5 /* InfoPlist.strings */ = {
			isa = PBXVariantGroup;
			children = (
				6669173E19956DA1001098F5 /* en */,
			);
			name = InfoPlist.strings;
			sourceTree = "<group>";
		};
/* End PBXVariantGroup section */

/* Begin XCBuildConfiguration section */
		66A330A719940687004F4FC8 /* Debug */ = {
			isa = XCBuildConfiguration;
			buildSettings = {
				ALWAYS_SEARCH_USER_PATHS = NO;
				CLANG_CXX_LANGUAGE_STANDARD = "gnu++0x";
				CLANG_CXX_LIBRARY = "libc++";
				CLANG_ENABLE_MODULES = YES;
				CLANG_ENABLE_OBJC_ARC = YES;
				CLANG_WARN_BOOL_CONVERSION = YES;
				CLANG_WARN_CONSTANT_CONVERSION = YES;
				CLANG_WARN_DIRECT_OBJC_ISA_USAGE = YES_ERROR;
				CLANG_WARN_EMPTY_BODY = YES;
				CLANG_WARN_ENUM_CONVERSION = YES;
				CLANG_WARN_INT_CONVERSION = YES;
				CLANG_WARN_OBJC_ROOT_CLASS = YES_ERROR;
				CLANG_WARN__DUPLICATE_METHOD_MATCH = YES;
				"CODE_SIGN_IDENTITY[sdk=iphoneos*]" = "iPhone Developer";
				COPY_PHASE_STRIP = NO;
				GCC_C_LANGUAGE_STANDARD = gnu99;
				GCC_DYNAMIC_NO_PIC = NO;
				GCC_OPTIMIZATION_LEVEL = 0;
				GCC_PREPROCESSOR_DEFINITIONS = (
					"DEBUG=1",
					"$(inherited)",
				);
				GCC_SYMBOLS_PRIVATE_EXTERN = NO;
				GCC_WARN_64_TO_32_BIT_CONVERSION = YES;
				GCC_WARN_ABOUT_RETURN_TYPE = YES_ERROR;
				GCC_WARN_UNDECLARED_SELECTOR = YES;
				GCC_WARN_UNINITIALIZED_AUTOS = YES_AGGRESSIVE;
				GCC_WARN_UNUSED_FUNCTION = YES;
				GCC_WARN_UNUSED_VARIABLE = YES;
				IPHONEOS_DEPLOYMENT_TARGET = 7.1;
				ONLY_ACTIVE_ARCH = YES;
				SDKROOT = iphoneos;
			};
			name = Debug;
		};
		66A330A819940687004F4FC8 /* Release */ = {
			isa = XCBuildConfiguration;
			buildSettings = {
				ALWAYS_SEARCH_USER_PATHS = NO;
				CLANG_CXX_LANGUAGE_STANDARD = "gnu++0x";
				CLANG_CXX_LIBRARY = "libc++";
				CLANG_ENABLE_MODULES = YES;
				CLANG_ENABLE_OBJC_ARC = YES;
				CLANG_WARN_BOOL_CONVERSION = YES;
				CLANG_WARN_CONSTANT_CONVERSION = YES;
				CLANG_WARN_DIRECT_OBJC_ISA_USAGE = YES_ERROR;
				CLANG_WARN_EMPTY_BODY = YES;
				CLANG_WARN_ENUM_CONVERSION = YES;
				CLANG_WARN_INT_CONVERSION = YES;
				CLANG_WARN_OBJC_ROOT_CLASS = YES_ERROR;
				CLANG_WARN__DUPLICATE_METHOD_MATCH = YES;
				"CODE_SIGN_IDENTITY[sdk=iphoneos*]" = "iPhone Developer";
				COPY_PHASE_STRIP = YES;
				ENABLE_NS_ASSERTIONS = NO;
				GCC_C_LANGUAGE_STANDARD = gnu99;
				GCC_WARN_64_TO_32_BIT_CONVERSION = YES;
				GCC_WARN_ABOUT_RETURN_TYPE = YES_ERROR;
				GCC_WARN_UNDECLARED_SELECTOR = YES;
				GCC_WARN_UNINITIALIZED_AUTOS = YES_AGGRESSIVE;
				GCC_WARN_UNUSED_FUNCTION = YES;
				GCC_WARN_UNUSED_VARIABLE = YES;
				IPHONEOS_DEPLOYMENT_TARGET = 7.1;
				SDKROOT = iphoneos;
				VALIDATE_PRODUCT = YES;
			};
			name = Release;
		};
		66A330AA19940687004F4FC8 /* Debug */ = {
			isa = XCBuildConfiguration;
			buildSettings = {
				ASSETCATALOG_COMPILER_APPICON_NAME = AppIcon;
				ASSETCATALOG_COMPILER_LAUNCHIMAGE_NAME = LaunchImage;
				GCC_PRECOMPILE_PREFIX_HEADER = YES;
				GCC_PREFIX_HEADER = "TinderCardMechanics/TinderCardMechanics-Prefix.pch";
				INFOPLIST_FILE = "TinderCardMechanics/TinderCardMechanics-Info.plist";
				PRODUCT_NAME = TinderCardMechanics;
				WRAPPER_EXTENSION = app;
			};
			name = Debug;
		};
		66A330AB19940687004F4FC8 /* Release */ = {
			isa = XCBuildConfiguration;
			buildSettings = {
				ASSETCATALOG_COMPILER_APPICON_NAME = AppIcon;
				ASSETCATALOG_COMPILER_LAUNCHIMAGE_NAME = LaunchImage;
				GCC_PRECOMPILE_PREFIX_HEADER = YES;
				GCC_PREFIX_HEADER = "TinderCardMechanics/TinderCardMechanics-Prefix.pch";
				INFOPLIST_FILE = "TinderCardMechanics/TinderCardMechanics-Info.plist";
				PRODUCT_NAME = TinderCardMechanics;
				WRAPPER_EXTENSION = app;
			};
			name = Release;
		};
		66A330AD19940687004F4FC8 /* Debug */ = {
			isa = XCBuildConfiguration;
			buildSettings = {
				BUNDLE_LOADER = "$(BUILT_PRODUCTS_DIR)/ReverbCodeChallenge.app/ReverbCodeChallenge";
				FRAMEWORK_SEARCH_PATHS = (
					"$(SDKROOT)/Developer/Library/Frameworks",
					"$(inherited)",
					"$(DEVELOPER_FRAMEWORKS_DIR)",
				);
				GCC_PRECOMPILE_PREFIX_HEADER = YES;
				GCC_PREFIX_HEADER = "ReverbCodeChallenge/ReverbCodeChallenge-Prefix.pch";
				GCC_PREPROCESSOR_DEFINITIONS = (
					"DEBUG=1",
					"$(inherited)",
				);
				INFOPLIST_FILE = "ReverbCodeChallengeTests/TinderCardMechanicsTests-Info.plist";
				PRODUCT_NAME = TinderCardMechanicsTests;
				TEST_HOST = "$(BUNDLE_LOADER)";
				WRAPPER_EXTENSION = xctest;
			};
			name = Debug;
		};
		66A330AE19940687004F4FC8 /* Release */ = {
			isa = XCBuildConfiguration;
			buildSettings = {
				BUNDLE_LOADER = "$(BUILT_PRODUCTS_DIR)/ReverbCodeChallenge.app/ReverbCodeChallenge";
				FRAMEWORK_SEARCH_PATHS = (
					"$(SDKROOT)/Developer/Library/Frameworks",
					"$(inherited)",
					"$(DEVELOPER_FRAMEWORKS_DIR)",
				);
				GCC_PRECOMPILE_PREFIX_HEADER = YES;
				GCC_PREFIX_HEADER = "ReverbCodeChallenge/ReverbCodeChallenge-Prefix.pch";
				INFOPLIST_FILE = "ReverbCodeChallengeTests/TinderCardMechanicsTests-Info.plist";
				PRODUCT_NAME = TinderCardMechanicsTests;
				TEST_HOST = "$(BUNDLE_LOADER)";
				WRAPPER_EXTENSION = xctest;
			};
			name = Release;
		};
/* End XCBuildConfiguration section */

/* Begin XCConfigurationList section */
		66A3307219940687004F4FC8 /* Build configuration list for PBXProject "TinderCardMechanics" */ = {
			isa = XCConfigurationList;
			buildConfigurations = (
				66A330A719940687004F4FC8 /* Debug */,
				66A330A819940687004F4FC8 /* Release */,
			);
			defaultConfigurationIsVisible = 0;
			defaultConfigurationName = Release;
		};
		66A330A919940687004F4FC8 /* Build configuration list for PBXNativeTarget "TinderCardMechanics" */ = {
			isa = XCConfigurationList;
			buildConfigurations = (
				66A330AA19940687004F4FC8 /* Debug */,
				66A330AB19940687004F4FC8 /* Release */,
			);
			defaultConfigurationIsVisible = 0;
			defaultConfigurationName = Release;
		};
		66A330AC19940687004F4FC8 /* Build configuration list for PBXNativeTarget "TinderCardMechanicsTests" */ = {
			isa = XCConfigurationList;
			buildConfigurations = (
				66A330AD19940687004F4FC8 /* Debug */,
				66A330AE19940687004F4FC8 /* Release */,
			);
			defaultConfigurationIsVisible = 0;
			defaultConfigurationName = Release;
		};
/* End XCConfigurationList section */
	};
	rootObject = 66A3306F19940687004F4FC8 /* Project object */;
}
